
Microsoft Visual Studio Solution File, Format Version 12.00
# Visual Studio Version 17
VisualStudioVersion = 17.0.31903.59
MinimumVisualStudioVersion = 10.0.40219.1
Project("{FAE04EC0-301F-11D3-BF4B-00C04F79EFBC}") = "Bogar.DAL", "Bogar.DAL\Bogar.DAL.csproj", "{D5ACC9A1-9B2E-4256-8875-277F84E644DA}"
EndProject
Project("{FAE04EC0-301F-11D3-BF4B-00C04F79EFBC}") = "Bogar.BLL", "Bogar.BLL\Bogar.BLL.csproj", "{F909A3EE-2B22-4D86-BA22-F058A8DFE134}"
EndProject
Project("{FAE04EC0-301F-11D3-BF4B-00C04F79EFBC}") = "Bogar.Tests", "Bogar.Tests\Bogar.Tests.csproj", "{499F6EED-FF48-43E0-9C52-1F8A25B56AF0}"
EndProject
Global
	GlobalSection(SolutionConfigurationPlatforms) = preSolution
		Debug|Any CPU = Debug|Any CPU
		Debug|x64 = Debug|x64
		Debug|x86 = Debug|x86
		Release|Any CPU = Release|Any CPU
		Release|x64 = Release|x64
		Release|x86 = Release|x86
	EndGlobalSection
	GlobalSection(ProjectConfigurationPlatforms) = postSolution
		{D5ACC9A1-9B2E-4256-8875-277F84E644DA}.Debug|Any CPU.ActiveCfg = Debug|Any CPU
		{D5ACC9A1-9B2E-4256-8875-277F84E644DA}.Debug|Any CPU.Build.0 = Debug|Any CPU
		{D5ACC9A1-9B2E-4256-8875-277F84E644DA}.Debug|x64.ActiveCfg = Debug|Any CPU
		{D5ACC9A1-9B2E-4256-8875-277F84E644DA}.Debug|x64.Build.0 = Debug|Any CPU
		{D5ACC9A1-9B2E-4256-8875-277F84E644DA}.Debug|x86.ActiveCfg = Debug|Any CPU
		{D5ACC9A1-9B2E-4256-8875-277F84E644DA}.Debug|x86.Build.0 = Debug|Any CPU
		{D5ACC9A1-9B2E-4256-8875-277F84E644DA}.Release|Any CPU.ActiveCfg = Release|Any CPU
		{D5ACC9A1-9B2E-4256-8875-277F84E644DA}.Release|Any CPU.Build.0 = Release|Any CPU
		{D5ACC9A1-9B2E-4256-8875-277F84E644DA}.Release|x64.ActiveCfg = Release|Any CPU
		{D5ACC9A1-9B2E-4256-8875-277F84E644DA}.Release|x64.Build.0 = Release|Any CPU
		{D5ACC9A1-9B2E-4256-8875-277F84E644DA}.Release|x86.ActiveCfg = Release|Any CPU
		{D5ACC9A1-9B2E-4256-8875-277F84E644DA}.Release|x86.Build.0 = Release|Any CPU
		{F909A3EE-2B22-4D86-BA22-F058A8DFE134}.Debug|Any CPU.ActiveCfg = Debug|Any CPU
		{F909A3EE-2B22-4D86-BA22-F058A8DFE134}.Debug|Any CPU.Build.0 = Debug|Any CPU
		{F909A3EE-2B22-4D86-BA22-F058A8DFE134}.Debug|x64.ActiveCfg = Debug|Any CPU
		{F909A3EE-2B22-4D86-BA22-F058A8DFE134}.Debug|x64.Build.0 = Debug|Any CPU
		{F909A3EE-2B22-4D86-BA22-F058A8DFE134}.Debug|x86.ActiveCfg = Debug|Any CPU
		{F909A3EE-2B22-4D86-BA22-F058A8DFE134}.Debug|x86.Build.0 = Debug|Any CPU
		{F909A3EE-2B22-4D86-BA22-F058A8DFE134}.Release|Any CPU.ActiveCfg = Release|Any CPU
		{F909A3EE-2B22-4D86-BA22-F058A8DFE134}.Release|Any CPU.Build.0 = Release|Any CPU
		{F909A3EE-2B22-4D86-BA22-F058A8DFE134}.Release|x64.ActiveCfg = Release|Any CPU
		{F909A3EE-2B22-4D86-BA22-F058A8DFE134}.Release|x64.Build.0 = Release|Any CPU
		{F909A3EE-2B22-4D86-BA22-F058A8DFE134}.Release|x86.ActiveCfg = Release|Any CPU
		{F909A3EE-2B22-4D86-BA22-F058A8DFE134}.Release|x86.Build.0 = Release|Any CPU
		{499F6EED-FF48-43E0-9C52-1F8A25B56AF0}.Debug|Any CPU.ActiveCfg = Debug|Any CPU
		{499F6EED-FF48-43E0-9C52-1F8A25B56AF0}.Debug|Any CPU.Build.0 = Debug|Any CPU
		{499F6EED-FF48-43E0-9C52-1F8A25B56AF0}.Debug|x64.ActiveCfg = Debug|Any CPU
		{499F6EED-FF48-43E0-9C52-1F8A25B56AF0}.Debug|x64.Build.0 = Debug|Any CPU
		{499F6EED-FF48-43E0-9C52-1F8A25B56AF0}.Debug|x86.ActiveCfg = Debug|Any CPU
		{499F6EED-FF48-43E0-9C52-1F8A25B56AF0}.Debug|x86.Build.0 = Debug|Any CPU
		{499F6EED-FF48-43E0-9C52-1F8A25B56AF0}.Release|Any CPU.ActiveCfg = Release|Any CPU
		{499F6EED-FF48-43E0-9C52-1F8A25B56AF0}.Release|Any CPU.Build.0 = Release|Any CPU
		{499F6EED-FF48-43E0-9C52-1F8A25B56AF0}.Release|x64.ActiveCfg = Release|Any CPU
		{499F6EED-FF48-43E0-9C52-1F8A25B56AF0}.Release|x64.Build.0 = Release|Any CPU
		{499F6EED-FF48-43E0-9C52-1F8A25B56AF0}.Release|x86.ActiveCfg = Release|Any CPU
		{499F6EED-FF48-43E0-9C52-1F8A25B56AF0}.Release|x86.Build.0 = Release|Any CPU
	EndGlobalSection
	GlobalSection(SolutionProperties) = preSolution
		HideSolutionNode = FALSE
	EndGlobalSection
EndGlobal
